// !$*UTF8*$!
{
	archiveVersion = 1;
	classes = {
	};
	objectVersion = 54;
	objects = {

/* Begin PBXBuildFile section */
		72EAB85EA2C247ABB9E27872 /* ModifierModifierAbilityViewController.m in Sources */ = {isa = PBXBuildFile; fileRef = 18ADF3C252B74EC9AA095A4A /* ModifierModifierAbilityViewController.m */; };
		89E41E4529F505070004F33E /* EntryEntryAbilityViewController.m in Sources */ = {isa = PBXBuildFile; fileRef = 89E41E4329F505070004F33E /* EntryEntryAbilityViewController.m */; };
		89E41E4629F505CD0004F33E /* libarkui_ios.xcframework in Frameworks */ = {isa = PBXBuildFile; fileRef = DF9C1B5D28B9FC3A005DCF58 /* libarkui_ios.xcframework */; };
		89E41E4729F505CD0004F33E /* libarkui_ios.xcframework in Embed Frameworks */ = {isa = PBXBuildFile; fileRef = DF9C1B5D28B9FC3A005DCF58 /* libarkui_ios.xcframework */; settings = {ATTRIBUTES = (CodeSignOnCopy, RemoveHeadersOnCopy, ); }; };
		DFC5555629D7F36400B63EB3 /* arkui-x in Resources */ = {isa = PBXBuildFile; fileRef = DFC5555529D7F36400B63EB3 /* arkui-x */; };
		F0AF1AD227D3684F008C55DD /* AppDelegate.m in Sources */ = {isa = PBXBuildFile; fileRef = F0AF1AD127D3684F008C55DD /* AppDelegate.m */; };
		F0AF1ADD27D36856008C55DD /* Assets.xcassets in Resources */ = {isa = PBXBuildFile; fileRef = F0AF1ADC27D36856008C55DD /* Assets.xcassets */; };
		F0AF1AE027D36856008C55DD /* LaunchScreen.storyboard in Resources */ = {isa = PBXBuildFile; fileRef = F0AF1ADE27D36856008C55DD /* LaunchScreen.storyboard */; };
		F0AF1AE327D36856008C55DD /* main.m in Sources */ = {isa = PBXBuildFile; fileRef = F0AF1AE227D36856008C55DD /* main.m */; };
		FAB793F02DF1923700045981 /* TestTestAbilityViewController.m in Sources */ = {isa = PBXBuildFile; fileRef = FAB793ED2DF1923700045981 /* TestTestAbilityViewController.m */; };
		FAB793F12DF1923700045981 /* VersionVersionAbilityViewController.m in Sources */ = {isa = PBXBuildFile; fileRef = FAB793EF2DF1923700045981 /* VersionVersionAbilityViewController.m */; };
		FAC8E7192DDEB99600EF5185 /* BridgeClass.m in Sources */ = {isa = PBXBuildFile; fileRef = FAC8E7172DDEB99600EF5185 /* BridgeClass.m */; };
		FAC8E7232DDEBA9000EF5185 /* MyPlatformViewFactory.m in Sources */ = {isa = PBXBuildFile; fileRef = FAC8E71D2DDEBA9000EF5185 /* MyPlatformViewFactory.m */; };
		FAC8E7242DDEBA9000EF5185 /* MyWebview.m in Sources */ = {isa = PBXBuildFile; fileRef = FAC8E7212DDEBA9000EF5185 /* MyWebview.m */; };
		FAC8E7252DDEBA9000EF5185 /* MyVideoView.m in Sources */ = {isa = PBXBuildFile; fileRef = FAC8E71F2DDEBA9000EF5185 /* MyVideoView.m */; };
		FAC8E7262DDEBA9000EF5185 /* MyMapView.m in Sources */ = {isa = PBXBuildFile; fileRef = FAC8E71B2DDEBA9000EF5185 /* MyMapView.m */; };
		FAC8E7292DDEBAC500EF5185 /* PlatformBridgePlatformBridgeAbilityViewController.m in Sources */ = {isa = PBXBuildFile; fileRef = FAC8E7282DDEBAC500EF5185 /* PlatformBridgePlatformBridgeAbilityViewController.m */; };
		FAC8E72C2DDEBAD600EF5185 /* PlatformViewPlatformViewAbilityViewController.m in Sources */ = {isa = PBXBuildFile; fileRef = FAC8E72B2DDEBAD600EF5185 /* PlatformViewPlatformViewAbilityViewController.m */; };
		FAC8E8872DDEBCA000EF5185 /* arkui-x in Resources */ = {isa = PBXBuildFile; fileRef = FAC8E8862DDEBCA000EF5185 /* arkui-x */; };
		FAC8E8922DDEBD7000EF5185 /* DynamicShowViewController.m in Sources */ = {isa = PBXBuildFile; fileRef = FAC8E88F2DDEBD7000EF5185 /* DynamicShowViewController.m */; };
		FAC8E8932DDEBD7000EF5185 /* BaseModuleViewController.m in Sources */ = {isa = PBXBuildFile; fileRef = FAC8E88B2DDEBD7000EF5185 /* BaseModuleViewController.m */; };
		FAC8E8942DDEBD7000EF5185 /* DynamizationJumpController.m in Sources */ = {isa = PBXBuildFile; fileRef = FAC8E8912DDEBD7000EF5185 /* DynamizationJumpController.m */; };
		FAC8E8952DDEBD7000EF5185 /* BaseViewController.m in Sources */ = {isa = PBXBuildFile; fileRef = FAC8E88D2DDEBD7000EF5185 /* BaseViewController.m */; };
		FAC8E8982DDEC02800EF5185 /* resh in Resources */ = {isa = PBXBuildFile; fileRef = FAC8E8962DDEC02800EF5185 /* resh */; };
		FAC8E8992DDEC02800EF5185 /* doc in Resources */ = {isa = PBXBuildFile; fileRef = FAC8E8972DDEC02800EF5185 /* doc */; };
/* End PBXBuildFile section */

/* Begin PBXCopyFilesBuildPhase section */
		89E41E4829F505CD0004F33E /* Embed Frameworks */ = {
			isa = PBXCopyFilesBuildPhase;
			buildActionMask = 2147483647;
			dstPath = "";
			dstSubfolderSpec = 10;
			files = (
				89E41E4729F505CD0004F33E /* libarkui_ios.xcframework in Embed Frameworks */,
			);
			name = "Embed Frameworks";
			runOnlyForDeploymentPostprocessing = 0;
		};
/* End PBXCopyFilesBuildPhase section */

/* Begin PBXFileReference section */
		18ADF3C252B74EC9AA095A4A /* ModifierModifierAbilityViewController.m */ = {isa = PBXFileReference; fileEncoding = 4; lastKnownFileType = sourcecode.c.objc; path = ModifierModifierAbilityViewController.m; sourceTree = "<group>"; };
		6AFB8CB64D614C0287C598AB /* ModifierModifierAbilityViewController.h */ = {isa = PBXFileReference; fileEncoding = 4; lastKnownFileType = sourcecode.c.h; path = ModifierModifierAbilityViewController.h; sourceTree = "<group>"; };
		89E41E4329F505070004F33E /* EntryEntryAbilityViewController.m */ = {isa = PBXFileReference; fileEncoding = 4; lastKnownFileType = sourcecode.c.objc; path = EntryEntryAbilityViewController.m; sourceTree = "<group>"; };
		89E41E4429F505070004F33E /* EntryEntryAbilityViewController.h */ = {isa = PBXFileReference; fileEncoding = 4; lastKnownFileType = sourcecode.c.h; path = EntryEntryAbilityViewController.h; sourceTree = "<group>"; };
		DF9C1B5D28B9FC3A005DCF58 /* libarkui_ios.xcframework */ = {isa = PBXFileReference; lastKnownFileType = wrapper.xcframework; name = libarkui_ios.xcframework; path = frameworks/libarkui_ios.xcframework; sourceTree = "<group>"; };
		DFC5555529D7F36400B63EB3 /* arkui-x */ = {isa = PBXFileReference; lastKnownFileType = folder; path = "arkui-x"; sourceTree = "<group>"; };
		F0AF1ACD27D3684F008C55DD /* EnjoyArkUIX.app */ = {isa = PBXFileReference; explicitFileType = wrapper.application; includeInIndex = 0; path = EnjoyArkUIX.app; sourceTree = BUILT_PRODUCTS_DIR; };
		F0AF1AD027D3684F008C55DD /* AppDelegate.h */ = {isa = PBXFileReference; lastKnownFileType = sourcecode.c.h; path = AppDelegate.h; sourceTree = "<group>"; };
		F0AF1AD127D3684F008C55DD /* AppDelegate.m */ = {isa = PBXFileReference; lastKnownFileType = sourcecode.cpp.objcpp; path = AppDelegate.m; sourceTree = "<group>"; };
		F0AF1ADC27D36856008C55DD /* Assets.xcassets */ = {isa = PBXFileReference; lastKnownFileType = folder.assetcatalog; path = Assets.xcassets; sourceTree = "<group>"; };
		F0AF1ADF27D36856008C55DD /* Base */ = {isa = PBXFileReference; lastKnownFileType = file.storyboard; name = Base; path = Base.lproj/LaunchScreen.storyboard; sourceTree = "<group>"; };
		F0AF1AE127D36856008C55DD /* Info.plist */ = {isa = PBXFileReference; lastKnownFileType = text.plist.xml; path = Info.plist; sourceTree = "<group>"; };
		F0AF1AE227D36856008C55DD /* main.m */ = {isa = PBXFileReference; lastKnownFileType = sourcecode.c.objc; path = main.m; sourceTree = "<group>"; };
		FAB793EC2DF1923700045981 /* TestTestAbilityViewController.h */ = {isa = PBXFileReference; lastKnownFileType = sourcecode.c.h; path = TestTestAbilityViewController.h; sourceTree = "<group>"; };
		FAB793ED2DF1923700045981 /* TestTestAbilityViewController.m */ = {isa = PBXFileReference; lastKnownFileType = sourcecode.c.objc; path = TestTestAbilityViewController.m; sourceTree = "<group>"; };
		FAB793EE2DF1923700045981 /* VersionVersionAbilityViewController.h */ = {isa = PBXFileReference; lastKnownFileType = sourcecode.c.h; path = VersionVersionAbilityViewController.h; sourceTree = "<group>"; };
		FAB793EF2DF1923700045981 /* VersionVersionAbilityViewController.m */ = {isa = PBXFileReference; lastKnownFileType = sourcecode.c.objc; path = VersionVersionAbilityViewController.m; sourceTree = "<group>"; };
		FAC8E7162DDEB99600EF5185 /* BridgeClass.h */ = {isa = PBXFileReference; lastKnownFileType = sourcecode.c.h; path = BridgeClass.h; sourceTree = "<group>"; };
		FAC8E7172DDEB99600EF5185 /* BridgeClass.m */ = {isa = PBXFileReference; lastKnownFileType = sourcecode.c.objc; path = BridgeClass.m; sourceTree = "<group>"; };
		FAC8E71A2DDEBA9000EF5185 /* MyMapView.h */ = {isa = PBXFileReference; lastKnownFileType = sourcecode.c.h; path = MyMapView.h; sourceTree = "<group>"; };
		FAC8E71B2DDEBA9000EF5185 /* MyMapView.m */ = {isa = PBXFileReference; lastKnownFileType = sourcecode.c.objc; path = MyMapView.m; sourceTree = "<group>"; };
		FAC8E71C2DDEBA9000EF5185 /* MyPlatformViewFactory.h */ = {isa = PBXFileReference; lastKnownFileType = sourcecode.c.h; path = MyPlatformViewFactory.h; sourceTree = "<group>"; };
		FAC8E71D2DDEBA9000EF5185 /* MyPlatformViewFactory.m */ = {isa = PBXFileReference; lastKnownFileType = sourcecode.c.objc; path = MyPlatformViewFactory.m; sourceTree = "<group>"; };
		FAC8E71E2DDEBA9000EF5185 /* MyVideoView.h */ = {isa = PBXFileReference; lastKnownFileType = sourcecode.c.h; path = MyVideoView.h; sourceTree = "<group>"; };
		FAC8E71F2DDEBA9000EF5185 /* MyVideoView.m */ = {isa = PBXFileReference; lastKnownFileType = sourcecode.c.objc; path = MyVideoView.m; sourceTree = "<group>"; };
		FAC8E7202DDEBA9000EF5185 /* MyWebview.h */ = {isa = PBXFileReference; lastKnownFileType = sourcecode.c.h; path = MyWebview.h; sourceTree = "<group>"; };
		FAC8E7212DDEBA9000EF5185 /* MyWebview.m */ = {isa = PBXFileReference; lastKnownFileType = sourcecode.c.objc; path = MyWebview.m; sourceTree = "<group>"; };
		FAC8E7272DDEBAC500EF5185 /* PlatformBridgePlatformBridgeAbilityViewController.h */ = {isa = PBXFileReference; lastKnownFileType = sourcecode.c.h; path = PlatformBridgePlatformBridgeAbilityViewController.h; sourceTree = "<group>"; };
		FAC8E7282DDEBAC500EF5185 /* PlatformBridgePlatformBridgeAbilityViewController.m */ = {isa = PBXFileReference; lastKnownFileType = sourcecode.c.objc; path = PlatformBridgePlatformBridgeAbilityViewController.m; sourceTree = "<group>"; };
		FAC8E72A2DDEBAD600EF5185 /* PlatformViewPlatformViewAbilityViewController.h */ = {isa = PBXFileReference; lastKnownFileType = sourcecode.c.h; path = PlatformViewPlatformViewAbilityViewController.h; sourceTree = "<group>"; };
		FAC8E72B2DDEBAD600EF5185 /* PlatformViewPlatformViewAbilityViewController.m */ = {isa = PBXFileReference; lastKnownFileType = sourcecode.c.objc; path = PlatformViewPlatformViewAbilityViewController.m; sourceTree = "<group>"; };
		FAC8E8862DDEBCA000EF5185 /* arkui-x */ = {isa = PBXFileReference; lastKnownFileType = folder; path = "arkui-x"; sourceTree = "<group>"; };
		FAC8E88A2DDEBD7000EF5185 /* BaseModuleViewController.h */ = {isa = PBXFileReference; lastKnownFileType = sourcecode.c.h; path = BaseModuleViewController.h; sourceTree = "<group>"; };
		FAC8E88B2DDEBD7000EF5185 /* BaseModuleViewController.m */ = {isa = PBXFileReference; lastKnownFileType = sourcecode.c.objc; path = BaseModuleViewController.m; sourceTree = "<group>"; };
		FAC8E88C2DDEBD7000EF5185 /* BaseViewController.h */ = {isa = PBXFileReference; lastKnownFileType = sourcecode.c.h; path = BaseViewController.h; sourceTree = "<group>"; };
		FAC8E88D2DDEBD7000EF5185 /* BaseViewController.m */ = {isa = PBXFileReference; lastKnownFileType = sourcecode.c.objc; path = BaseViewController.m; sourceTree = "<group>"; };
		FAC8E88E2DDEBD7000EF5185 /* DynamicShowViewController.h */ = {isa = PBXFileReference; lastKnownFileType = sourcecode.c.h; path = DynamicShowViewController.h; sourceTree = "<group>"; };
		FAC8E88F2DDEBD7000EF5185 /* DynamicShowViewController.m */ = {isa = PBXFileReference; lastKnownFileType = sourcecode.c.objc; path = DynamicShowViewController.m; sourceTree = "<group>"; };
		FAC8E8902DDEBD7000EF5185 /* DynamizationJumpController.h */ = {isa = PBXFileReference; lastKnownFileType = sourcecode.c.h; path = DynamizationJumpController.h; sourceTree = "<group>"; };
		FAC8E8912DDEBD7000EF5185 /* DynamizationJumpController.m */ = {isa = PBXFileReference; lastKnownFileType = sourcecode.c.objc; path = DynamizationJumpController.m; sourceTree = "<group>"; };
		FAC8E8962DDEC02800EF5185 /* resh */ = {isa = PBXFileReference; lastKnownFileType = folder; path = resh; sourceTree = "<group>"; };
		FAC8E8972DDEC02800EF5185 /* doc */ = {isa = PBXFileReference; lastKnownFileType = folder; path = doc; sourceTree = "<group>"; };
/* End PBXFileReference section */

/* Begin PBXFrameworksBuildPhase section */
		F0AF1ACA27D3684F008C55DD /* Frameworks */ = {
			isa = PBXFrameworksBuildPhase;
			buildActionMask = 2147483647;
			files = (
				89E41E4629F505CD0004F33E /* libarkui_ios.xcframework in Frameworks */,
			);
			runOnlyForDeploymentPostprocessing = 0;
		};
/* End PBXFrameworksBuildPhase section */

/* Begin PBXGroup section */
		F0AF1AC427D3684F008C55DD = {
			isa = PBXGroup;
			children = (
				FAC8E8972DDEC02800EF5185 /* doc */,
				FAC8E8962DDEC02800EF5185 /* resh */,
				FAC8E8862DDEBCA000EF5185 /* arkui-x */,
				F0AF1ACF27D3684F008C55DD /* app */,
				F0AF1ACE27D3684F008C55DD /* Products */,
				F0AF1AEB27D36948008C55DD /* Frameworks */,
			);
			sourceTree = "<group>";
		};
		F0AF1ACE27D3684F008C55DD /* Products */ = {
			isa = PBXGroup;
			children = (
				F0AF1ACD27D3684F008C55DD /* EnjoyArkUIX.app */,
			);
			name = Products;
			sourceTree = "<group>";
		};
		F0AF1ACF27D3684F008C55DD /* app */ = {
			isa = PBXGroup;
			children = (
				6AFB8CB64D614C0287C598AB /* ModifierModifierAbilityViewController.h */,
				18ADF3C252B74EC9AA095A4A /* ModifierModifierAbilityViewController.m */,
				FAB793EC2DF1923700045981 /* TestTestAbilityViewController.h */,
				FAB793ED2DF1923700045981 /* TestTestAbilityViewController.m */,
				FAB793EE2DF1923700045981 /* VersionVersionAbilityViewController.h */,
				FAB793EF2DF1923700045981 /* VersionVersionAbilityViewController.m */,
				FAC8E7222DDEBA9000EF5185 /* PlatformView */,
				FAC8E7182DDEB99600EF5185 /* PlatformBridge */,
				FAC8E88A2DDEBD7000EF5185 /* BaseModuleViewController.h */,
				FAC8E88B2DDEBD7000EF5185 /* BaseModuleViewController.m */,
				FAC8E88C2DDEBD7000EF5185 /* BaseViewController.h */,
				FAC8E88D2DDEBD7000EF5185 /* BaseViewController.m */,
				FAC8E88E2DDEBD7000EF5185 /* DynamicShowViewController.h */,
				FAC8E88F2DDEBD7000EF5185 /* DynamicShowViewController.m */,
				FAC8E8902DDEBD7000EF5185 /* DynamizationJumpController.h */,
				FAC8E8912DDEBD7000EF5185 /* DynamizationJumpController.m */,
				FAC8E72A2DDEBAD600EF5185 /* PlatformViewPlatformViewAbilityViewController.h */,
				FAC8E72B2DDEBAD600EF5185 /* PlatformViewPlatformViewAbilityViewController.m */,
				FAC8E7272DDEBAC500EF5185 /* PlatformBridgePlatformBridgeAbilityViewController.h */,
				FAC8E7282DDEBAC500EF5185 /* PlatformBridgePlatformBridgeAbilityViewController.m */,
				89E41E4429F505070004F33E /* EntryEntryAbilityViewController.h */,
				89E41E4329F505070004F33E /* EntryEntryAbilityViewController.m */,
				F0AF1AD027D3684F008C55DD /* AppDelegate.h */,
				F0AF1AD127D3684F008C55DD /* AppDelegate.m */,
				F0AF1ADC27D36856008C55DD /* Assets.xcassets */,
				F0AF1ADE27D36856008C55DD /* LaunchScreen.storyboard */,
				F0AF1AE127D36856008C55DD /* Info.plist */,
				F0AF1AE227D36856008C55DD /* main.m */,
			);
			path = app;
			sourceTree = "<group>";
		};
		F0AF1AEB27D36948008C55DD /* Frameworks */ = {
			isa = PBXGroup;
			children = (
				DF9C1B5D28B9FC3A005DCF58 /* libarkui_ios.xcframework */,
			);
			name = Frameworks;
			sourceTree = "<group>";
		};
		FAC8E7182DDEB99600EF5185 /* PlatformBridge */ = {
			isa = PBXGroup;
			children = (
				FAC8E7162DDEB99600EF5185 /* BridgeClass.h */,
				FAC8E7172DDEB99600EF5185 /* BridgeClass.m */,
			);
			path = PlatformBridge;
			sourceTree = "<group>";
		};
		FAC8E7222DDEBA9000EF5185 /* PlatformView */ = {
			isa = PBXGroup;
			children = (
				FAC8E71A2DDEBA9000EF5185 /* MyMapView.h */,
				FAC8E71B2DDEBA9000EF5185 /* MyMapView.m */,
				FAC8E71C2DDEBA9000EF5185 /* MyPlatformViewFactory.h */,
				FAC8E71D2DDEBA9000EF5185 /* MyPlatformViewFactory.m */,
				FAC8E71E2DDEBA9000EF5185 /* MyVideoView.h */,
				FAC8E71F2DDEBA9000EF5185 /* MyVideoView.m */,
				FAC8E7202DDEBA9000EF5185 /* MyWebview.h */,
				FAC8E7212DDEBA9000EF5185 /* MyWebview.m */,
			);
			path = PlatformView;
			sourceTree = "<group>";
		};
/* End PBXGroup section */

/* Begin PBXNativeTarget section */
		F0AF1ACC27D3684F008C55DD /* app */ = {
			isa = PBXNativeTarget;
			buildConfigurationList = F0AF1AE627D36856008C55DD /* Build configuration list for PBXNativeTarget "app" */;
			buildPhases = (
				F0AF1AC927D3684F008C55DD /* Sources */,
				F0AF1ACA27D3684F008C55DD /* Frameworks */,
				F0AF1ACB27D3684F008C55DD /* Resources */,
				89E41E4829F505CD0004F33E /* Embed Frameworks */,
			);
			buildRules = (
			);
			dependencies = (
			);
			name = app;
			productName = app;
			productReference = F0AF1ACD27D3684F008C55DD /* EnjoyArkUIX.app */;
			productType = "com.apple.product-type.application";
		};
/* End PBXNativeTarget section */

/* Begin PBXProject section */
		F0AF1AC527D3684F008C55DD /* Project object */ = {
			isa = PBXProject;
			attributes = {
				LastUpgradeCheck = 1300;
				TargetAttributes = {
					F0AF1ACC27D3684F008C55DD = {
						CreatedOnToolsVersion = 13.0;
					};
				};
			};
			buildConfigurationList = F0AF1AC827D3684F008C55DD /* Build configuration list for PBXProject "app" */;
			compatibilityVersion = "Xcode 9.3";
			developmentRegion = en;
			hasScannedForEncodings = 0;
			knownRegions = (
				en,
				Base,
			);
			mainGroup = F0AF1AC427D3684F008C55DD;
			productRefGroup = F0AF1ACE27D3684F008C55DD /* Products */;
			projectDirPath = "";
			projectRoot = "";
			targets = (
				F0AF1ACC27D3684F008C55DD /* app */,
			);
		};
/* End PBXProject section */

/* Begin PBXResourcesBuildPhase section */
		F0AF1ACB27D3684F008C55DD /* Resources */ = {
			isa = PBXResourcesBuildPhase;
			buildActionMask = 2147483647;
			files = (
				FAC8E8982DDEC02800EF5185 /* resh in Resources */,
				FAC8E8992DDEC02800EF5185 /* doc in Resources */,
				FAC8E8872DDEBCA000EF5185 /* arkui-x in Resources */,
				F0AF1AE027D36856008C55DD /* LaunchScreen.storyboard in Resources */,
				F0AF1ADD27D36856008C55DD /* Assets.xcassets in Resources */,
			);
			runOnlyForDeploymentPostprocessing = 0;
		};
/* End PBXResourcesBuildPhase section */

/* Begin PBXSourcesBuildPhase section */
		F0AF1AC927D3684F008C55DD /* Sources */ = {
			isa = PBXSourcesBuildPhase;
			buildActionMask = 2147483647;
			files = (
				72EAB85EA2C247ABB9E27872 /* ModifierModifierAbilityViewController.m in Sources */,
				FAC8E7292DDEBAC500EF5185 /* PlatformBridgePlatformBridgeAbilityViewController.m in Sources */,
				FAC8E7232DDEBA9000EF5185 /* MyPlatformViewFactory.m in Sources */,
				FAC8E7242DDEBA9000EF5185 /* MyWebview.m in Sources */,
				FAC8E72C2DDEBAD600EF5185 /* PlatformViewPlatformViewAbilityViewController.m in Sources */,
				FAC8E7252DDEBA9000EF5185 /* MyVideoView.m in Sources */,
				FAC8E7262DDEBA9000EF5185 /* MyMapView.m in Sources */,
				FAC8E8922DDEBD7000EF5185 /* DynamicShowViewController.m in Sources */,
				FAC8E8932DDEBD7000EF5185 /* BaseModuleViewController.m in Sources */,
				FAC8E8942DDEBD7000EF5185 /* DynamizationJumpController.m in Sources */,
				FAC8E8952DDEBD7000EF5185 /* BaseViewController.m in Sources */,
				F0AF1AD227D3684F008C55DD /* AppDelegate.m in Sources */,
				FAB793F02DF1923700045981 /* TestTestAbilityViewController.m in Sources */,
				FAB793F12DF1923700045981 /* VersionVersionAbilityViewController.m in Sources */,
				89E41E4529F505070004F33E /* EntryEntryAbilityViewController.m in Sources */,
				F0AF1AE327D36856008C55DD /* main.m in Sources */,
				FAC8E7192DDEB99600EF5185 /* BridgeClass.m in Sources */,
			);
			runOnlyForDeploymentPostprocessing = 0;
		};
/* End PBXSourcesBuildPhase section */

/* Begin PBXVariantGroup section */
		F0AF1ADE27D36856008C55DD /* LaunchScreen.storyboard */ = {
			isa = PBXVariantGroup;
			children = (
				F0AF1ADF27D36856008C55DD /* Base */,
			);
			name = LaunchScreen.storyboard;
			sourceTree = "<group>";
		};
/* End PBXVariantGroup section */

/* Begin XCBuildConfiguration section */
		F0AF1AE427D36856008C55DD /* Debug */ = {
			isa = XCBuildConfiguration;
			buildSettings = {
				ALWAYS_SEARCH_USER_PATHS = NO;
				CLANG_ANALYZER_NONNULL = YES;
				CLANG_ANALYZER_NUMBER_OBJECT_CONVERSION = YES_AGGRESSIVE;
				CLANG_CXX_LANGUAGE_STANDARD = "gnu++17";
				CLANG_CXX_LIBRARY = "libc++";
				CLANG_ENABLE_MODULES = YES;
				CLANG_ENABLE_OBJC_ARC = YES;
				CLANG_ENABLE_OBJC_WEAK = YES;
				CLANG_WARN_BLOCK_CAPTURE_AUTORELEASING = YES;
				CLANG_WARN_BOOL_CONVERSION = YES;
				CLANG_WARN_COMMA = YES;
				CLANG_WARN_CONSTANT_CONVERSION = YES;
				CLANG_WARN_DEPRECATED_OBJC_IMPLEMENTATIONS = YES;
				CLANG_WARN_DIRECT_OBJC_ISA_USAGE = YES_ERROR;
				CLANG_WARN_DOCUMENTATION_COMMENTS = YES;
				CLANG_WARN_EMPTY_BODY = YES;
				CLANG_WARN_ENUM_CONVERSION = YES;
				CLANG_WARN_INFINITE_RECURSION = YES;
				CLANG_WARN_INT_CONVERSION = YES;
				CLANG_WARN_NON_LITERAL_NULL_CONVERSION = YES;
				CLANG_WARN_OBJC_IMPLICIT_RETAIN_SELF = YES;
				CLANG_WARN_OBJC_LITERAL_CONVERSION = YES;
				CLANG_WARN_OBJC_ROOT_CLASS = YES_ERROR;
				CLANG_WARN_QUOTED_INCLUDE_IN_FRAMEWORK_HEADER = YES;
				CLANG_WARN_RANGE_LOOP_ANALYSIS = YES;
				CLANG_WARN_STRICT_PROTOTYPES = YES;
				CLANG_WARN_SUSPICIOUS_MOVE = YES;
				CLANG_WARN_UNGUARDED_AVAILABILITY = YES_AGGRESSIVE;
				CLANG_WARN_UNREACHABLE_CODE = YES;
				CLANG_WARN__DUPLICATE_METHOD_MATCH = YES;
				COPY_PHASE_STRIP = NO;
				DEBUG_INFORMATION_FORMAT = dwarf;
				ENABLE_STRICT_OBJC_MSGSEND = YES;
				ENABLE_TESTABILITY = YES;
				GCC_C_LANGUAGE_STANDARD = gnu11;
				GCC_DYNAMIC_NO_PIC = NO;
				GCC_NO_COMMON_BLOCKS = YES;
				GCC_OPTIMIZATION_LEVEL = 0;
				GCC_PREPROCESSOR_DEFINITIONS = (
					"DEBUG=1",
					"$(inherited)",
				);
				GCC_WARN_64_TO_32_BIT_CONVERSION = YES;
				GCC_WARN_ABOUT_RETURN_TYPE = YES_ERROR;
				GCC_WARN_UNDECLARED_SELECTOR = YES;
				GCC_WARN_UNINITIALIZED_AUTOS = YES_AGGRESSIVE;
				GCC_WARN_UNUSED_FUNCTION = YES;
				GCC_WARN_UNUSED_VARIABLE = YES;
				IPHONEOS_DEPLOYMENT_TARGET = 10.0;
				MTL_ENABLE_DEBUG_INFO = INCLUDE_SOURCE;
				MTL_FAST_MATH = YES;
				ONLY_ACTIVE_ARCH = YES;
				SDKROOT = iphoneos;
			};
			name = Debug;
		};
		F0AF1AE527D36856008C55DD /* Release */ = {
			isa = XCBuildConfiguration;
			buildSettings = {
				ALWAYS_SEARCH_USER_PATHS = NO;
				CLANG_ANALYZER_NONNULL = YES;
				CLANG_ANALYZER_NUMBER_OBJECT_CONVERSION = YES_AGGRESSIVE;
				CLANG_CXX_LANGUAGE_STANDARD = "gnu++17";
				CLANG_CXX_LIBRARY = "libc++";
				CLANG_ENABLE_MODULES = YES;
				CLANG_ENABLE_OBJC_ARC = YES;
				CLANG_ENABLE_OBJC_WEAK = YES;
				CLANG_WARN_BLOCK_CAPTURE_AUTORELEASING = YES;
				CLANG_WARN_BOOL_CONVERSION = YES;
				CLANG_WARN_COMMA = YES;
				CLANG_WARN_CONSTANT_CONVERSION = YES;
				CLANG_WARN_DEPRECATED_OBJC_IMPLEMENTATIONS = YES;
				CLANG_WARN_DIRECT_OBJC_ISA_USAGE = YES_ERROR;
				CLANG_WARN_DOCUMENTATION_COMMENTS = YES;
				CLANG_WARN_EMPTY_BODY = YES;
				CLANG_WARN_ENUM_CONVERSION = YES;
				CLANG_WARN_INFINITE_RECURSION = YES;
				CLANG_WARN_INT_CONVERSION = YES;
				CLANG_WARN_NON_LITERAL_NULL_CONVERSION = YES;
				CLANG_WARN_OBJC_IMPLICIT_RETAIN_SELF = YES;
				CLANG_WARN_OBJC_LITERAL_CONVERSION = YES;
				CLANG_WARN_OBJC_ROOT_CLASS = YES_ERROR;
				CLANG_WARN_QUOTED_INCLUDE_IN_FRAMEWORK_HEADER = YES;
				CLANG_WARN_RANGE_LOOP_ANALYSIS = YES;
				CLANG_WARN_STRICT_PROTOTYPES = YES;
				CLANG_WARN_SUSPICIOUS_MOVE = YES;
				CLANG_WARN_UNGUARDED_AVAILABILITY = YES_AGGRESSIVE;
				CLANG_WARN_UNREACHABLE_CODE = YES;
				CLANG_WARN__DUPLICATE_METHOD_MATCH = YES;
				COPY_PHASE_STRIP = NO;
				DEBUG_INFORMATION_FORMAT = "dwarf-with-dsym";
				ENABLE_NS_ASSERTIONS = NO;
				ENABLE_STRICT_OBJC_MSGSEND = YES;
				GCC_C_LANGUAGE_STANDARD = gnu11;
				GCC_NO_COMMON_BLOCKS = YES;
				GCC_WARN_64_TO_32_BIT_CONVERSION = YES;
				GCC_WARN_ABOUT_RETURN_TYPE = YES_ERROR;
				GCC_WARN_UNDECLARED_SELECTOR = YES;
				GCC_WARN_UNINITIALIZED_AUTOS = YES_AGGRESSIVE;
				GCC_WARN_UNUSED_FUNCTION = YES;
				GCC_WARN_UNUSED_VARIABLE = YES;
				IPHONEOS_DEPLOYMENT_TARGET = 10.0;
				MTL_ENABLE_DEBUG_INFO = NO;
				MTL_FAST_MATH = YES;
				SDKROOT = iphoneos;
				VALIDATE_PRODUCT = YES;
			};
			name = Release;
		};
		F0AF1AE727D36856008C55DD /* Debug */ = {
			isa = XCBuildConfiguration;
			buildSettings = {
				ARCHS = arm64;
				ASSETCATALOG_COMPILER_APPICON_NAME = AppIcon;
				ASSETCATALOG_COMPILER_GLOBAL_ACCENT_COLOR_NAME = AccentColor;
				CODE_SIGN_IDENTITY = "Apple Development";
				CODE_SIGN_STYLE = Automatic;
				CURRENT_PROJECT_VERSION = 1;
				DEVELOPMENT_TEAM = "";
				ENABLE_BITCODE = NO;
				GENERATE_INFOPLIST_FILE = YES;
				INFOPLIST_FILE = app/Info.plist;
				INFOPLIST_KEY_UIApplicationSupportsIndirectInputEvents = YES;
				INFOPLIST_KEY_UILaunchStoryboardName = LaunchScreen;
				INFOPLIST_KEY_UISupportedInterfaceOrientations = UIInterfaceOrientationPortrait;
				IPHONEOS_DEPLOYMENT_TARGET = 10.0;
				LD_RUNPATH_SEARCH_PATHS = (
					"$(inherited)",
					"@executable_path/Frameworks",
				);
				MARKETING_VERSION = 1.0;
				PRODUCT_BUNDLE_IDENTIFIER = com.example.enjoyarkuix;
				PRODUCT_MODULE_NAME = EnjoyArkUIX;
				PRODUCT_NAME = EnjoyArkUIX;
				PROVISIONING_PROFILE_SPECIFIER = "";
				SWIFT_EMIT_LOC_STRINGS = YES;
				TARGETED_DEVICE_FAMILY = "1,2";
				USER_HEADER_SEARCH_PATHS = "$(SRCROOT)/frameworks/libarkui_ios.xcframework/ios-arm64/libarkui_ios.framework/Headers/include";
			};
			name = Debug;
		};
		F0AF1AE827D36856008C55DD /* Release */ = {
			isa = XCBuildConfiguration;
			buildSettings = {
				ARCHS = arm64;
				ASSETCATALOG_COMPILER_APPICON_NAME = AppIcon;
				ASSETCATALOG_COMPILER_GLOBAL_ACCENT_COLOR_NAME = AccentColor;
				CODE_SIGN_IDENTITY = "Apple Development";
				CODE_SIGN_STYLE = Automatic;
				CURRENT_PROJECT_VERSION = 1;
				DEVELOPMENT_TEAM = JCS8W75JJS;
				ENABLE_BITCODE = NO;
				GENERATE_INFOPLIST_FILE = YES;
				INFOPLIST_FILE = app/Info.plist;
				INFOPLIST_KEY_UIApplicationSupportsIndirectInputEvents = YES;
				INFOPLIST_KEY_UILaunchStoryboardName = LaunchScreen;
				INFOPLIST_KEY_UISupportedInterfaceOrientations = UIInterfaceOrientationPortrait;
				IPHONEOS_DEPLOYMENT_TARGET = 10.0;
				LD_RUNPATH_SEARCH_PATHS = (
					"$(inherited)",
					"@executable_path/Frameworks",
				);
				MARKETING_VERSION = 1.0;
				PRODUCT_BUNDLE_IDENTIFIER = com.example.enjoyarkuix;
				PRODUCT_MODULE_NAME = EnjoyArkUIX;
				PRODUCT_NAME = EnjoyArkUIX;
				PROVISIONING_PROFILE_SPECIFIER = "";
				SWIFT_EMIT_LOC_STRINGS = YES;
				TARGETED_DEVICE_FAMILY = "1,2";
				USER_HEADER_SEARCH_PATHS = "$(SRCROOT)/frameworks/libarkui_ios.xcframework/ios-arm64/libarkui_ios.framework/Headers/include";
			};
			name = Release;
		};
/* End XCBuildConfiguration section */

/* Begin XCConfigurationList section */
		F0AF1AC827D3684F008C55DD /* Build configuration list for PBXProject "app" */ = {
			isa = XCConfigurationList;
			buildConfigurations = (
				F0AF1AE427D36856008C55DD /* Debug */,
				F0AF1AE527D36856008C55DD /* Release */,
			);
			defaultConfigurationIsVisible = 0;
			defaultConfigurationName = Release;
		};
		F0AF1AE627D36856008C55DD /* Build configuration list for PBXNativeTarget "app" */ = {
			isa = XCConfigurationList;
			buildConfigurations = (
				F0AF1AE727D36856008C55DD /* Debug */,
				F0AF1AE827D36856008C55DD /* Release */,
			);
			defaultConfigurationIsVisible = 0;
			defaultConfigurationName = Release;
		};
/* End XCConfigurationList section */
	};
	rootObject = F0AF1AC527D3684F008C55DD /* Project object */;
}
